
Microsoft Visual Studio Solution File, Format Version 12.00
# Visual Studio Version 17
VisualStudioVersion = 17.5.33627.172
MinimumVisualStudioVersion = 10.0.40219.1
Project("{FAE04EC0-301F-11D3-BF4B-00C04F79EFBC}") = "SMFY_demo", "SMFY_demo\SMFY_demo.csproj", "{1AA71312-538D-49B8-82D5-D5F61F74026B}"
EndProject
Global
	GlobalSection(SolutionConfigurationPlatforms) = preSolution
		Debug|Any CPU = Debug|Any CPU
		Release|Any CPU = Release|Any CPU
	EndGlobalSection
	GlobalSection(ProjectConfigurationPlatforms) = postSolution
		{1AA71312-538D-49B8-82D5-D5F61F74026B}.Debug|Any CPU.ActiveCfg = Debug|Any CPU
		{1AA71312-538D-49B8-82D5-D5F61F74026B}.Debug|Any CPU.Build.0 = Debug|Any CPU
		{1AA71312-538D-49B8-82D5-D5F61F74026B}.Release|Any CPU.ActiveCfg = Release|Any CPU
		{1AA71312-538D-49B8-82D5-D5F61F74026B}.Release|Any CPU.Build.0 = Release|Any CPU
	EndGlobalSection
	GlobalSection(SolutionProperties) = preSolution
		HideSolutionNode = FALSE
	EndGlobalSection
	GlobalSection(ExtensibilityGlobals) = postSolution
		SolutionGuid = {A49A115A-8BA7-4C4B-8789-3EEE1780F175}
	EndGlobalSection
EndGlobal
